
Microsoft Visual Studio Solution File, Format Version 12.00
# Visual Studio Version 16
VisualStudioVersion = 16.0.29806.167
MinimumVisualStudioVersion = 10.0.40219.1
Project("{FAE04EC0-301F-11D3-BF4B-00C04F79EFBC}") = "StudentInfoSystem", "StudentInfoSystem\StudentInfoSystem.csproj", "{66AB43D2-7C54-4F27-9092-0E4996F0E5CA}"
EndProject
Project("{FAE04EC0-301F-11D3-BF4B-00C04F79EFBC}") = "WPFHello", "WPFHello\WPFHello.csproj", "{6129FA68-BC37-437A-BEF4-27C86903373F}"
EndProject
Project("{FAE04EC0-301F-11D3-BF4B-00C04F79EFBC}") = "UserLogin", "UserLogin\UserLogin.csproj", "{45977CAA-D075-4185-BDDF-87299F818E4F}"
EndProject
Project("{FAE04EC0-301F-11D3-BF4B-00C04F79EFBC}") = "ExpenseIt", "ExpenseIt\ExpenseIt.csproj", "{E6D9BA51-C4FF-4DC3-8854-EFA20E79D442}"
EndProject
Project("{FAE04EC0-301F-11D3-BF4B-00C04F79EFBC}") = "EasyMVVM", "EasyMVVM\EasyMVVM.csproj", "{6C75872A-FF93-445D-A32A-B30B96335073}"
EndProject
Project("{FAE04EC0-301F-11D3-BF4B-00C04F79EFBC}") = "WpfExample", "WpfExample\WpfExample.csproj", "{AFB476EC-4D83-4F37-8938-DFB0706F6E54}"
EndProject
Global
	GlobalSection(SolutionConfigurationPlatforms) = preSolution
		Debug|Any CPU = Debug|Any CPU
		Release|Any CPU = Release|Any CPU
	EndGlobalSection
	GlobalSection(ProjectConfigurationPlatforms) = postSolution
		{66AB43D2-7C54-4F27-9092-0E4996F0E5CA}.Debug|Any CPU.ActiveCfg = Debug|Any CPU
		{66AB43D2-7C54-4F27-9092-0E4996F0E5CA}.Debug|Any CPU.Build.0 = Debug|Any CPU
		{66AB43D2-7C54-4F27-9092-0E4996F0E5CA}.Release|Any CPU.ActiveCfg = Release|Any CPU
		{66AB43D2-7C54-4F27-9092-0E4996F0E5CA}.Release|Any CPU.Build.0 = Release|Any CPU
		{6129FA68-BC37-437A-BEF4-27C86903373F}.Debug|Any CPU.ActiveCfg = Debug|Any CPU
		{6129FA68-BC37-437A-BEF4-27C86903373F}.Debug|Any CPU.Build.0 = Debug|Any CPU
		{6129FA68-BC37-437A-BEF4-27C86903373F}.Release|Any CPU.ActiveCfg = Release|Any CPU
		{6129FA68-BC37-437A-BEF4-27C86903373F}.Release|Any CPU.Build.0 = Release|Any CPU
		{45977CAA-D075-4185-BDDF-87299F818E4F}.Debug|Any CPU.ActiveCfg = Debug|Any CPU
		{45977CAA-D075-4185-BDDF-87299F818E4F}.Debug|Any CPU.Build.0 = Debug|Any CPU
		{45977CAA-D075-4185-BDDF-87299F818E4F}.Release|Any CPU.ActiveCfg = Release|Any CPU
		{45977CAA-D075-4185-BDDF-87299F818E4F}.Release|Any CPU.Build.0 = Release|Any CPU
		{E6D9BA51-C4FF-4DC3-8854-EFA20E79D442}.Debug|Any CPU.ActiveCfg = Debug|Any CPU
		{E6D9BA51-C4FF-4DC3-8854-EFA20E79D442}.Debug|Any CPU.Build.0 = Debug|Any CPU
		{E6D9BA51-C4FF-4DC3-8854-EFA20E79D442}.Release|Any CPU.ActiveCfg = Release|Any CPU
		{E6D9BA51-C4FF-4DC3-8854-EFA20E79D442}.Release|Any CPU.Build.0 = Release|Any CPU
		{6C75872A-FF93-445D-A32A-B30B96335073}.Debug|Any CPU.ActiveCfg = Debug|Any CPU
		{6C75872A-FF93-445D-A32A-B30B96335073}.Debug|Any CPU.Build.0 = Debug|Any CPU
		{6C75872A-FF93-445D-A32A-B30B96335073}.Release|Any CPU.ActiveCfg = Release|Any CPU
		{6C75872A-FF93-445D-A32A-B30B96335073}.Release|Any CPU.Build.0 = Release|Any CPU
		{AFB476EC-4D83-4F37-8938-DFB0706F6E54}.Debug|Any CPU.ActiveCfg = Debug|Any CPU
		{AFB476EC-4D83-4F37-8938-DFB0706F6E54}.Debug|Any CPU.Build.0 = Debug|Any CPU
		{AFB476EC-4D83-4F37-8938-DFB0706F6E54}.Release|Any CPU.ActiveCfg = Release|Any CPU
		{AFB476EC-4D83-4F37-8938-DFB0706F6E54}.Release|Any CPU.Build.0 = Release|Any CPU
	EndGlobalSection
	GlobalSection(SolutionProperties) = preSolution
		HideSolutionNode = FALSE
	EndGlobalSection
	GlobalSection(ExtensibilityGlobals) = postSolution
		SolutionGuid = {7F9F2280-C6B6-4A88-939A-6F279B3AAEB8}
	EndGlobalSection
EndGlobal
